
Microsoft Visual Studio Solution File, Format Version 12.00
# Visual Studio 15
VisualStudioVersion = 15.0.28307.106
MinimumVisualStudioVersion = 10.0.40219.1
Project("{FAE04EC0-301F-11D3-BF4B-00C04F79EFBC}") = "HW4", "HW4\HW4.csproj", "{18DCEA82-CADD-4952-83EC-EB53435401E2}"
EndProject
Global
	GlobalSection(SolutionConfigurationPlatforms) = preSolution
		Debug|Any CPU = Debug|Any CPU
		Release|Any CPU = Release|Any CPU
	EndGlobalSection
	GlobalSection(ProjectConfigurationPlatforms) = postSolution
		{18DCEA82-CADD-4952-83EC-EB53435401E2}.Debug|Any CPU.ActiveCfg = Debug|Any CPU
		{18DCEA82-CADD-4952-83EC-EB53435401E2}.Debug|Any CPU.Build.0 = Debug|Any CPU
		{18DCEA82-CADD-4952-83EC-EB53435401E2}.Release|Any CPU.ActiveCfg = Release|Any CPU
		{18DCEA82-CADD-4952-83EC-EB53435401E2}.Release|Any CPU.Build.0 = Release|Any CPU
	EndGlobalSection
	GlobalSection(SolutionProperties) = preSolution
		HideSolutionNode = FALSE
	EndGlobalSection
	GlobalSection(ExtensibilityGlobals) = postSolution
		SolutionGuid = {B7D42061-9C9A-42D8-9145-B707B3405E68}
	EndGlobalSection
EndGlobal
