
Microsoft Visual Studio Solution File, Format Version 12.00
# Visual Studio 15
VisualStudioVersion = 15.0.28307.106
MinimumVisualStudioVersion = 10.0.40219.1
Project("{FAE04EC0-301F-11D3-BF4B-00C04F79EFBC}") = "Task1", "Task1\Task1.csproj", "{EB4C0C7F-AC56-461F-A098-83AD42E619D2}"
EndProject
Global
	GlobalSection(SolutionConfigurationPlatforms) = preSolution
		Debug|Any CPU = Debug|Any CPU
		Release|Any CPU = Release|Any CPU
	EndGlobalSection
	GlobalSection(ProjectConfigurationPlatforms) = postSolution
		{EB4C0C7F-AC56-461F-A098-83AD42E619D2}.Debug|Any CPU.ActiveCfg = Debug|Any CPU
		{EB4C0C7F-AC56-461F-A098-83AD42E619D2}.Debug|Any CPU.Build.0 = Debug|Any CPU
		{EB4C0C7F-AC56-461F-A098-83AD42E619D2}.Release|Any CPU.ActiveCfg = Release|Any CPU
		{EB4C0C7F-AC56-461F-A098-83AD42E619D2}.Release|Any CPU.Build.0 = Release|Any CPU
	EndGlobalSection
	GlobalSection(SolutionProperties) = preSolution
		HideSolutionNode = FALSE
	EndGlobalSection
	GlobalSection(ExtensibilityGlobals) = postSolution
		SolutionGuid = {AAED2F3F-ECA1-4104-9A37-C4C5D5B39756}
	EndGlobalSection
EndGlobal
